{
  "requires": true,
  "lockfileVersion": 1,
  "dependencies": {
    "@types/chromecast-caf-receiver": {
      "version": "5.0.13",
      "resolved": "https://registry.npmjs.org/@types/chromecast-caf-receiver/-/chromecast-caf-receiver-5.0.13.tgz",
      "integrity": "sha512-AR+4kzGrw+ruIVyMJApOpR/swa78bM+mvhkvXfCmk6Y0dqGccbctR2jWUtf2EuNOnicfXKm36D8QEf6B8rAvyw=="
    }
  }
}
